
Microsoft Visual Studio Solution File, Format Version 12.00
# Visual Studio 15
VisualStudioVersion = 15.0.28307.136
MinimumVisualStudioVersion = 10.0.40219.1
Project("{FAE04EC0-301F-11D3-BF4B-00C04F79EFBC}") = "ExcelApp", "ExcelApp\ExcelApp.csproj", "{B05D0BE5-F40C-4325-BA4C-9DBC8C439584}"
EndProject
Global
	GlobalSection(SolutionConfigurationPlatforms) = preSolution
		Debug|Any CPU = Debug|Any CPU
		Release|Any CPU = Release|Any CPU
	EndGlobalSection
	GlobalSection(ProjectConfigurationPlatforms) = postSolution
		{B05D0BE5-F40C-4325-BA4C-9DBC8C439584}.Debug|Any CPU.ActiveCfg = Debug|Any CPU
		{B05D0BE5-F40C-4325-BA4C-9DBC8C439584}.Debug|Any CPU.Build.0 = Debug|Any CPU
		{B05D0BE5-F40C-4325-BA4C-9DBC8C439584}.Release|Any CPU.ActiveCfg = Release|Any CPU
		{B05D0BE5-F40C-4325-BA4C-9DBC8C439584}.Release|Any CPU.Build.0 = Release|Any CPU
	EndGlobalSection
	GlobalSection(SolutionProperties) = preSolution
		HideSolutionNode = FALSE
	EndGlobalSection
	GlobalSection(ExtensibilityGlobals) = postSolution
		SolutionGuid = {775459AD-F5B3-478D-BE42-3C4073D7D8BF}
	EndGlobalSection
EndGlobal
